
Microsoft Visual Studio Solution File, Format Version 12.00
# Visual Studio Version 17
VisualStudioVersion = 17.3.32825.248
MinimumVisualStudioVersion = 10.0.40219.1
Project("{9A19103F-16F7-4668-BE54-9A1E7A4F7556}") = "FlowBlox", "FlowBlox\FlowBlox.csproj", "{2C112360-9C12-4534-9001-246A9B56C057}"
EndProject
Project("{2150E333-8FDC-42A3-9474-1A3956D46DE8}") = "Solution Items", "Solution Items", "{06115D34-FA6D-4586-ADA1-E38234E83D25}"
	ProjectSection(SolutionItems) = preProject
		.editorconfig = .editorconfig
	EndProjectSection
EndProject
Project("{9A19103F-16F7-4668-BE54-9A1E7A4F7556}") = "FlowBloxTest", "FlowBloxTest\FlowBloxTest.csproj", "{861A5C30-8BDA-43F1-B8AA-D7EC496BF047}"
EndProject
Project("{9A19103F-16F7-4668-BE54-9A1E7A4F7556}") = "FlowBloxSampleExtension", "FlowBloxSampleExtension\FlowBloxSampleExtension.csproj", "{F33314A6-3221-4A6A-9D63-21CA41B8E07D}"
EndProject
Project("{9A19103F-16F7-4668-BE54-9A1E7A4F7556}") = "FlowBlox.CLI", "FlowBlox.CLI\FlowBlox.CLI.csproj", "{5988F716-E990-47E5-A20C-EB7744D187AD}"
EndProject
Project("{9A19103F-16F7-4668-BE54-9A1E7A4F7556}") = "FlowBlox.Core", "FlowBlox.Core\FlowBlox.Core.csproj", "{D83EB0C7-0108-4396-89E7-6AE40CE1CCD9}"
EndProject
Project("{9A19103F-16F7-4668-BE54-9A1E7A4F7556}") = "FlowBlox.SequenceDetection", "FlowBlox.SequenceDetection\FlowBlox.SequenceDetection.csproj", "{A8D2EA09-8146-49AF-911B-0FB3BC969BC6}"
EndProject
Project("{9A19103F-16F7-4668-BE54-9A1E7A4F7556}") = "FlowBlox.SequenceDetectionTests", "FlowBlox.SequenceDetection.Tests\FlowBlox.SequenceDetectionTests.csproj", "{F4659A92-9BAA-4E62-B48D-31214CAA09B8}"
EndProject
Project("{FAE04EC0-301F-11D3-BF4B-00C04F79EFBC}") = "FlowBlox.UICore", "FlowBlox.UICore\FlowBlox.UICore.csproj", "{ABCB7262-C687-4827-A1FA-977779F40683}"
EndProject
Project("{FAE04EC0-301F-11D3-BF4B-00C04F79EFBC}") = "FlowBloxSampleExtension.UI", "FlowBloxSampleExtension.UI\FlowBloxSampleExtension.UI.csproj", "{EE0BF1AF-E5DB-4B4E-B7B8-CF1761BA79C8}"
EndProject
Project("{FAE04EC0-301F-11D3-BF4B-00C04F79EFBC}") = "FlowBlox.RunnerHost", "FlowBlox.RunnerHost\FlowBlox.RunnerHost.csproj", "{1D08A382-9CF8-4D43-A209-4C4FC22D5826}"
EndProject
Project("{FAE04EC0-301F-11D3-BF4B-00C04F79EFBC}") = "FlowBlox.WorkerService", "FlowBlox.WorkerService\FlowBlox.WorkerService.csproj", "{46215950-534F-483F-BCE7-D5E68B4F1B00}"
EndProject
Project("{FAE04EC0-301F-11D3-BF4B-00C04F79EFBC}") = "FlowBlox.AIAssistant", "FlowBlox.AIAssistant\FlowBlox.AIAssistant.csproj", "{484AD965-42E0-48CB-B304-FEDF8C141530}"
EndProject
Project("{930C7802-8A8C-48F9-8165-68863BCCD9DD}") = "FlowBlox.Installer", "FlowBlox.Installer\FlowBlox.Installer.wixproj", "{18B6FD66-4FF3-4F4D-8BB0-E9215C5AC6FC}"
EndProject
Global
	GlobalSection(SolutionConfigurationPlatforms) = preSolution
		Debug|Any CPU = Debug|Any CPU
		Debug|ARM = Debug|ARM
		Debug|ARM64 = Debug|ARM64
		Debug|Mixed Platforms = Debug|Mixed Platforms
		Debug|x64 = Debug|x64
		Debug|x86 = Debug|x86
		Release|Any CPU = Release|Any CPU
		Release|ARM = Release|ARM
		Release|ARM64 = Release|ARM64
		Release|Mixed Platforms = Release|Mixed Platforms
		Release|x64 = Release|x64
		Release|x86 = Release|x86
	EndGlobalSection
	GlobalSection(ProjectConfigurationPlatforms) = postSolution
		{2C112360-9C12-4534-9001-246A9B56C057}.Debug|Any CPU.ActiveCfg = Debug|Any CPU
		{2C112360-9C12-4534-9001-246A9B56C057}.Debug|Any CPU.Build.0 = Debug|Any CPU
		{2C112360-9C12-4534-9001-246A9B56C057}.Debug|ARM.ActiveCfg = Debug|Any CPU
		{2C112360-9C12-4534-9001-246A9B56C057}.Debug|ARM.Build.0 = Debug|Any CPU
		{2C112360-9C12-4534-9001-246A9B56C057}.Debug|ARM64.ActiveCfg = Debug|Any CPU
		{2C112360-9C12-4534-9001-246A9B56C057}.Debug|ARM64.Build.0 = Debug|Any CPU
		{2C112360-9C12-4534-9001-246A9B56C057}.Debug|Mixed Platforms.ActiveCfg = Debug|Any CPU
		{2C112360-9C12-4534-9001-246A9B56C057}.Debug|Mixed Platforms.Build.0 = Debug|Any CPU
		{2C112360-9C12-4534-9001-246A9B56C057}.Debug|x64.ActiveCfg = Debug|Any CPU
		{2C112360-9C12-4534-9001-246A9B56C057}.Debug|x64.Build.0 = Debug|Any CPU
		{2C112360-9C12-4534-9001-246A9B56C057}.Debug|x86.ActiveCfg = Debug|Any CPU
		{2C112360-9C12-4534-9001-246A9B56C057}.Debug|x86.Build.0 = Debug|Any CPU
		{2C112360-9C12-4534-9001-246A9B56C057}.Release|Any CPU.ActiveCfg = Release|Any CPU
		{2C112360-9C12-4534-9001-246A9B56C057}.Release|Any CPU.Build.0 = Release|Any CPU
		{2C112360-9C12-4534-9001-246A9B56C057}.Release|ARM.ActiveCfg = Release|Any CPU
		{2C112360-9C12-4534-9001-246A9B56C057}.Release|ARM.Build.0 = Release|Any CPU
		{2C112360-9C12-4534-9001-246A9B56C057}.Release|ARM64.ActiveCfg = Release|Any CPU
		{2C112360-9C12-4534-9001-246A9B56C057}.Release|ARM64.Build.0 = Release|Any CPU
		{2C112360-9C12-4534-9001-246A9B56C057}.Release|Mixed Platforms.ActiveCfg = Release|Any CPU
		{2C112360-9C12-4534-9001-246A9B56C057}.Release|Mixed Platforms.Build.0 = Release|Any CPU
		{2C112360-9C12-4534-9001-246A9B56C057}.Release|x64.ActiveCfg = Release|Any CPU
		{2C112360-9C12-4534-9001-246A9B56C057}.Release|x64.Build.0 = Release|Any CPU
		{2C112360-9C12-4534-9001-246A9B56C057}.Release|x86.ActiveCfg = Release|Any CPU
		{2C112360-9C12-4534-9001-246A9B56C057}.Release|x86.Build.0 = Release|Any CPU
		{861A5C30-8BDA-43F1-B8AA-D7EC496BF047}.Debug|Any CPU.ActiveCfg = Debug|Any CPU
		{861A5C30-8BDA-43F1-B8AA-D7EC496BF047}.Debug|Any CPU.Build.0 = Debug|Any CPU
		{861A5C30-8BDA-43F1-B8AA-D7EC496BF047}.Debug|ARM.ActiveCfg = Debug|Any CPU
		{861A5C30-8BDA-43F1-B8AA-D7EC496BF047}.Debug|ARM.Build.0 = Debug|Any CPU
		{861A5C30-8BDA-43F1-B8AA-D7EC496BF047}.Debug|ARM64.ActiveCfg = Debug|Any CPU
		{861A5C30-8BDA-43F1-B8AA-D7EC496BF047}.Debug|ARM64.Build.0 = Debug|Any CPU
		{861A5C30-8BDA-43F1-B8AA-D7EC496BF047}.Debug|Mixed Platforms.ActiveCfg = Debug|Any CPU
		{861A5C30-8BDA-43F1-B8AA-D7EC496BF047}.Debug|Mixed Platforms.Build.0 = Debug|Any CPU
		{861A5C30-8BDA-43F1-B8AA-D7EC496BF047}.Debug|x64.ActiveCfg = Debug|Any CPU
		{861A5C30-8BDA-43F1-B8AA-D7EC496BF047}.Debug|x64.Build.0 = Debug|Any CPU
		{861A5C30-8BDA-43F1-B8AA-D7EC496BF047}.Debug|x86.ActiveCfg = Debug|Any CPU
		{861A5C30-8BDA-43F1-B8AA-D7EC496BF047}.Debug|x86.Build.0 = Debug|Any CPU
		{861A5C30-8BDA-43F1-B8AA-D7EC496BF047}.Release|Any CPU.ActiveCfg = Release|Any CPU
		{861A5C30-8BDA-43F1-B8AA-D7EC496BF047}.Release|Any CPU.Build.0 = Release|Any CPU
		{861A5C30-8BDA-43F1-B8AA-D7EC496BF047}.Release|ARM.ActiveCfg = Release|Any CPU
		{861A5C30-8BDA-43F1-B8AA-D7EC496BF047}.Release|ARM.Build.0 = Release|Any CPU
		{861A5C30-8BDA-43F1-B8AA-D7EC496BF047}.Release|ARM64.ActiveCfg = Release|Any CPU
		{861A5C30-8BDA-43F1-B8AA-D7EC496BF047}.Release|ARM64.Build.0 = Release|Any CPU
		{861A5C30-8BDA-43F1-B8AA-D7EC496BF047}.Release|Mixed Platforms.ActiveCfg = Release|Any CPU
		{861A5C30-8BDA-43F1-B8AA-D7EC496BF047}.Release|Mixed Platforms.Build.0 = Release|Any CPU
		{861A5C30-8BDA-43F1-B8AA-D7EC496BF047}.Release|x64.ActiveCfg = Release|Any CPU
		{861A5C30-8BDA-43F1-B8AA-D7EC496BF047}.Release|x64.Build.0 = Release|Any CPU
		{861A5C30-8BDA-43F1-B8AA-D7EC496BF047}.Release|x86.ActiveCfg = Release|Any CPU
		{861A5C30-8BDA-43F1-B8AA-D7EC496BF047}.Release|x86.Build.0 = Release|Any CPU
		{F33314A6-3221-4A6A-9D63-21CA41B8E07D}.Debug|Any CPU.ActiveCfg = Debug|Any CPU
		{F33314A6-3221-4A6A-9D63-21CA41B8E07D}.Debug|Any CPU.Build.0 = Debug|Any CPU
		{F33314A6-3221-4A6A-9D63-21CA41B8E07D}.Debug|ARM.ActiveCfg = Debug|Any CPU
		{F33314A6-3221-4A6A-9D63-21CA41B8E07D}.Debug|ARM.Build.0 = Debug|Any CPU
		{F33314A6-3221-4A6A-9D63-21CA41B8E07D}.Debug|ARM64.ActiveCfg = Debug|Any CPU
		{F33314A6-3221-4A6A-9D63-21CA41B8E07D}.Debug|ARM64.Build.0 = Debug|Any CPU
		{F33314A6-3221-4A6A-9D63-21CA41B8E07D}.Debug|Mixed Platforms.ActiveCfg = Debug|Any CPU
		{F33314A6-3221-4A6A-9D63-21CA41B8E07D}.Debug|Mixed Platforms.Build.0 = Debug|Any CPU
		{F33314A6-3221-4A6A-9D63-21CA41B8E07D}.Debug|x64.ActiveCfg = Debug|Any CPU
		{F33314A6-3221-4A6A-9D63-21CA41B8E07D}.Debug|x64.Build.0 = Debug|Any CPU
		{F33314A6-3221-4A6A-9D63-21CA41B8E07D}.Debug|x86.ActiveCfg = Debug|Any CPU
		{F33314A6-3221-4A6A-9D63-21CA41B8E07D}.Debug|x86.Build.0 = Debug|Any CPU
		{F33314A6-3221-4A6A-9D63-21CA41B8E07D}.Release|Any CPU.ActiveCfg = Release|Any CPU
		{F33314A6-3221-4A6A-9D63-21CA41B8E07D}.Release|Any CPU.Build.0 = Release|Any CPU
		{F33314A6-3221-4A6A-9D63-21CA41B8E07D}.Release|ARM.ActiveCfg = Release|Any CPU
		{F33314A6-3221-4A6A-9D63-21CA41B8E07D}.Release|ARM.Build.0 = Release|Any CPU
		{F33314A6-3221-4A6A-9D63-21CA41B8E07D}.Release|ARM64.ActiveCfg = Release|Any CPU
		{F33314A6-3221-4A6A-9D63-21CA41B8E07D}.Release|ARM64.Build.0 = Release|Any CPU
		{F33314A6-3221-4A6A-9D63-21CA41B8E07D}.Release|Mixed Platforms.ActiveCfg = Release|Any CPU
		{F33314A6-3221-4A6A-9D63-21CA41B8E07D}.Release|Mixed Platforms.Build.0 = Release|Any CPU
		{F33314A6-3221-4A6A-9D63-21CA41B8E07D}.Release|x64.ActiveCfg = Release|Any CPU
		{F33314A6-3221-4A6A-9D63-21CA41B8E07D}.Release|x64.Build.0 = Release|Any CPU
		{F33314A6-3221-4A6A-9D63-21CA41B8E07D}.Release|x86.ActiveCfg = Release|Any CPU
		{F33314A6-3221-4A6A-9D63-21CA41B8E07D}.Release|x86.Build.0 = Release|Any CPU
		{5988F716-E990-47E5-A20C-EB7744D187AD}.Debug|Any CPU.ActiveCfg = Debug|Any CPU
		{5988F716-E990-47E5-A20C-EB7744D187AD}.Debug|Any CPU.Build.0 = Debug|Any CPU
		{5988F716-E990-47E5-A20C-EB7744D187AD}.Debug|ARM.ActiveCfg = Debug|Any CPU
		{5988F716-E990-47E5-A20C-EB7744D187AD}.Debug|ARM.Build.0 = Debug|Any CPU
		{5988F716-E990-47E5-A20C-EB7744D187AD}.Debug|ARM64.ActiveCfg = Debug|Any CPU
		{5988F716-E990-47E5-A20C-EB7744D187AD}.Debug|ARM64.Build.0 = Debug|Any CPU
		{5988F716-E990-47E5-A20C-EB7744D187AD}.Debug|Mixed Platforms.ActiveCfg = Debug|Any CPU
		{5988F716-E990-47E5-A20C-EB7744D187AD}.Debug|Mixed Platforms.Build.0 = Debug|Any CPU
		{5988F716-E990-47E5-A20C-EB7744D187AD}.Debug|x64.ActiveCfg = Debug|Any CPU
		{5988F716-E990-47E5-A20C-EB7744D187AD}.Debug|x64.Build.0 = Debug|Any CPU
		{5988F716-E990-47E5-A20C-EB7744D187AD}.Debug|x86.ActiveCfg = Debug|Any CPU
		{5988F716-E990-47E5-A20C-EB7744D187AD}.Debug|x86.Build.0 = Debug|Any CPU
		{5988F716-E990-47E5-A20C-EB7744D187AD}.Release|Any CPU.ActiveCfg = Release|Any CPU
		{5988F716-E990-47E5-A20C-EB7744D187AD}.Release|Any CPU.Build.0 = Release|Any CPU
		{5988F716-E990-47E5-A20C-EB7744D187AD}.Release|ARM.ActiveCfg = Release|Any CPU
		{5988F716-E990-47E5-A20C-EB7744D187AD}.Release|ARM.Build.0 = Release|Any CPU
		{5988F716-E990-47E5-A20C-EB7744D187AD}.Release|ARM64.ActiveCfg = Release|Any CPU
		{5988F716-E990-47E5-A20C-EB7744D187AD}.Release|ARM64.Build.0 = Release|Any CPU
		{5988F716-E990-47E5-A20C-EB7744D187AD}.Release|Mixed Platforms.ActiveCfg = Release|Any CPU
		{5988F716-E990-47E5-A20C-EB7744D187AD}.Release|Mixed Platforms.Build.0 = Release|Any CPU
		{5988F716-E990-47E5-A20C-EB7744D187AD}.Release|x64.ActiveCfg = Release|Any CPU
		{5988F716-E990-47E5-A20C-EB7744D187AD}.Release|x64.Build.0 = Release|Any CPU
		{5988F716-E990-47E5-A20C-EB7744D187AD}.Release|x86.ActiveCfg = Release|Any CPU
		{5988F716-E990-47E5-A20C-EB7744D187AD}.Release|x86.Build.0 = Release|Any CPU
		{D83EB0C7-0108-4396-89E7-6AE40CE1CCD9}.Debug|Any CPU.ActiveCfg = Debug|Any CPU
		{D83EB0C7-0108-4396-89E7-6AE40CE1CCD9}.Debug|Any CPU.Build.0 = Debug|Any CPU
		{D83EB0C7-0108-4396-89E7-6AE40CE1CCD9}.Debug|ARM.ActiveCfg = Debug|Any CPU
		{D83EB0C7-0108-4396-89E7-6AE40CE1CCD9}.Debug|ARM.Build.0 = Debug|Any CPU
		{D83EB0C7-0108-4396-89E7-6AE40CE1CCD9}.Debug|ARM64.ActiveCfg = Debug|Any CPU
		{D83EB0C7-0108-4396-89E7-6AE40CE1CCD9}.Debug|ARM64.Build.0 = Debug|Any CPU
		{D83EB0C7-0108-4396-89E7-6AE40CE1CCD9}.Debug|Mixed Platforms.ActiveCfg = Debug|Any CPU
		{D83EB0C7-0108-4396-89E7-6AE40CE1CCD9}.Debug|Mixed Platforms.Build.0 = Debug|Any CPU
		{D83EB0C7-0108-4396-89E7-6AE40CE1CCD9}.Debug|x64.ActiveCfg = Debug|Any CPU
		{D83EB0C7-0108-4396-89E7-6AE40CE1CCD9}.Debug|x64.Build.0 = Debug|Any CPU
		{D83EB0C7-0108-4396-89E7-6AE40CE1CCD9}.Debug|x86.ActiveCfg = Debug|Any CPU
		{D83EB0C7-0108-4396-89E7-6AE40CE1CCD9}.Debug|x86.Build.0 = Debug|Any CPU
		{D83EB0C7-0108-4396-89E7-6AE40CE1CCD9}.Release|Any CPU.ActiveCfg = Release|Any CPU
		{D83EB0C7-0108-4396-89E7-6AE40CE1CCD9}.Release|Any CPU.Build.0 = Release|Any CPU
		{D83EB0C7-0108-4396-89E7-6AE40CE1CCD9}.Release|ARM.ActiveCfg = Release|Any CPU
		{D83EB0C7-0108-4396-89E7-6AE40CE1CCD9}.Release|ARM.Build.0 = Release|Any CPU
		{D83EB0C7-0108-4396-89E7-6AE40CE1CCD9}.Release|ARM64.ActiveCfg = Release|Any CPU
		{D83EB0C7-0108-4396-89E7-6AE40CE1CCD9}.Release|ARM64.Build.0 = Release|Any CPU
		{D83EB0C7-0108-4396-89E7-6AE40CE1CCD9}.Release|Mixed Platforms.ActiveCfg = Release|Any CPU
		{D83EB0C7-0108-4396-89E7-6AE40CE1CCD9}.Release|Mixed Platforms.Build.0 = Release|Any CPU
		{D83EB0C7-0108-4396-89E7-6AE40CE1CCD9}.Release|x64.ActiveCfg = Release|Any CPU
		{D83EB0C7-0108-4396-89E7-6AE40CE1CCD9}.Release|x64.Build.0 = Release|Any CPU
		{D83EB0C7-0108-4396-89E7-6AE40CE1CCD9}.Release|x86.ActiveCfg = Release|Any CPU
		{D83EB0C7-0108-4396-89E7-6AE40CE1CCD9}.Release|x86.Build.0 = Release|Any CPU
		{A8D2EA09-8146-49AF-911B-0FB3BC969BC6}.Debug|Any CPU.ActiveCfg = Debug|Any CPU
		{A8D2EA09-8146-49AF-911B-0FB3BC969BC6}.Debug|Any CPU.Build.0 = Debug|Any CPU
		{A8D2EA09-8146-49AF-911B-0FB3BC969BC6}.Debug|ARM.ActiveCfg = Debug|Any CPU
		{A8D2EA09-8146-49AF-911B-0FB3BC969BC6}.Debug|ARM.Build.0 = Debug|Any CPU
		{A8D2EA09-8146-49AF-911B-0FB3BC969BC6}.Debug|ARM64.ActiveCfg = Debug|Any CPU
		{A8D2EA09-8146-49AF-911B-0FB3BC969BC6}.Debug|ARM64.Build.0 = Debug|Any CPU
		{A8D2EA09-8146-49AF-911B-0FB3BC969BC6}.Debug|Mixed Platforms.ActiveCfg = Debug|Any CPU
		{A8D2EA09-8146-49AF-911B-0FB3BC969BC6}.Debug|Mixed Platforms.Build.0 = Debug|Any CPU
		{A8D2EA09-8146-49AF-911B-0FB3BC969BC6}.Debug|x64.ActiveCfg = Debug|Any CPU
		{A8D2EA09-8146-49AF-911B-0FB3BC969BC6}.Debug|x64.Build.0 = Debug|Any CPU
		{A8D2EA09-8146-49AF-911B-0FB3BC969BC6}.Debug|x86.ActiveCfg = Debug|Any CPU
		{A8D2EA09-8146-49AF-911B-0FB3BC969BC6}.Debug|x86.Build.0 = Debug|Any CPU
		{A8D2EA09-8146-49AF-911B-0FB3BC969BC6}.Release|Any CPU.ActiveCfg = Release|Any CPU
		{A8D2EA09-8146-49AF-911B-0FB3BC969BC6}.Release|Any CPU.Build.0 = Release|Any CPU
		{A8D2EA09-8146-49AF-911B-0FB3BC969BC6}.Release|ARM.ActiveCfg = Release|Any CPU
		{A8D2EA09-8146-49AF-911B-0FB3BC969BC6}.Release|ARM.Build.0 = Release|Any CPU
		{A8D2EA09-8146-49AF-911B-0FB3BC969BC6}.Release|ARM64.ActiveCfg = Release|Any CPU
		{A8D2EA09-8146-49AF-911B-0FB3BC969BC6}.Release|ARM64.Build.0 = Release|Any CPU
		{A8D2EA09-8146-49AF-911B-0FB3BC969BC6}.Release|Mixed Platforms.ActiveCfg = Release|Any CPU
		{A8D2EA09-8146-49AF-911B-0FB3BC969BC6}.Release|Mixed Platforms.Build.0 = Release|Any CPU
		{A8D2EA09-8146-49AF-911B-0FB3BC969BC6}.Release|x64.ActiveCfg = Release|Any CPU
		{A8D2EA09-8146-49AF-911B-0FB3BC969BC6}.Release|x64.Build.0 = Release|Any CPU
		{A8D2EA09-8146-49AF-911B-0FB3BC969BC6}.Release|x86.ActiveCfg = Release|Any CPU
		{A8D2EA09-8146-49AF-911B-0FB3BC969BC6}.Release|x86.Build.0 = Release|Any CPU
		{F4659A92-9BAA-4E62-B48D-31214CAA09B8}.Debug|Any CPU.ActiveCfg = Debug|Any CPU
		{F4659A92-9BAA-4E62-B48D-31214CAA09B8}.Debug|Any CPU.Build.0 = Debug|Any CPU
		{F4659A92-9BAA-4E62-B48D-31214CAA09B8}.Debug|ARM.ActiveCfg = Debug|Any CPU
		{F4659A92-9BAA-4E62-B48D-31214CAA09B8}.Debug|ARM.Build.0 = Debug|Any CPU
		{F4659A92-9BAA-4E62-B48D-31214CAA09B8}.Debug|ARM64.ActiveCfg = Debug|Any CPU
		{F4659A92-9BAA-4E62-B48D-31214CAA09B8}.Debug|ARM64.Build.0 = Debug|Any CPU
		{F4659A92-9BAA-4E62-B48D-31214CAA09B8}.Debug|Mixed Platforms.ActiveCfg = Debug|Any CPU
		{F4659A92-9BAA-4E62-B48D-31214CAA09B8}.Debug|Mixed Platforms.Build.0 = Debug|Any CPU
		{F4659A92-9BAA-4E62-B48D-31214CAA09B8}.Debug|x64.ActiveCfg = Debug|Any CPU
		{F4659A92-9BAA-4E62-B48D-31214CAA09B8}.Debug|x64.Build.0 = Debug|Any CPU
		{F4659A92-9BAA-4E62-B48D-31214CAA09B8}.Debug|x86.ActiveCfg = Debug|Any CPU
		{F4659A92-9BAA-4E62-B48D-31214CAA09B8}.Debug|x86.Build.0 = Debug|Any CPU
		{F4659A92-9BAA-4E62-B48D-31214CAA09B8}.Release|Any CPU.ActiveCfg = Release|Any CPU
		{F4659A92-9BAA-4E62-B48D-31214CAA09B8}.Release|Any CPU.Build.0 = Release|Any CPU
		{F4659A92-9BAA-4E62-B48D-31214CAA09B8}.Release|ARM.ActiveCfg = Release|Any CPU
		{F4659A92-9BAA-4E62-B48D-31214CAA09B8}.Release|ARM.Build.0 = Release|Any CPU
		{F4659A92-9BAA-4E62-B48D-31214CAA09B8}.Release|ARM64.ActiveCfg = Release|Any CPU
		{F4659A92-9BAA-4E62-B48D-31214CAA09B8}.Release|ARM64.Build.0 = Release|Any CPU
		{F4659A92-9BAA-4E62-B48D-31214CAA09B8}.Release|Mixed Platforms.ActiveCfg = Release|Any CPU
		{F4659A92-9BAA-4E62-B48D-31214CAA09B8}.Release|Mixed Platforms.Build.0 = Release|Any CPU
		{F4659A92-9BAA-4E62-B48D-31214CAA09B8}.Release|x64.ActiveCfg = Release|Any CPU
		{F4659A92-9BAA-4E62-B48D-31214CAA09B8}.Release|x64.Build.0 = Release|Any CPU
		{F4659A92-9BAA-4E62-B48D-31214CAA09B8}.Release|x86.ActiveCfg = Release|Any CPU
		{F4659A92-9BAA-4E62-B48D-31214CAA09B8}.Release|x86.Build.0 = Release|Any CPU
		{ABCB7262-C687-4827-A1FA-977779F40683}.Debug|Any CPU.ActiveCfg = Debug|Any CPU
		{ABCB7262-C687-4827-A1FA-977779F40683}.Debug|Any CPU.Build.0 = Debug|Any CPU
		{ABCB7262-C687-4827-A1FA-977779F40683}.Debug|ARM.ActiveCfg = Debug|Any CPU
		{ABCB7262-C687-4827-A1FA-977779F40683}.Debug|ARM.Build.0 = Debug|Any CPU
		{ABCB7262-C687-4827-A1FA-977779F40683}.Debug|ARM64.ActiveCfg = Debug|Any CPU
		{ABCB7262-C687-4827-A1FA-977779F40683}.Debug|ARM64.Build.0 = Debug|Any CPU
		{ABCB7262-C687-4827-A1FA-977779F40683}.Debug|Mixed Platforms.ActiveCfg = Debug|Any CPU
		{ABCB7262-C687-4827-A1FA-977779F40683}.Debug|Mixed Platforms.Build.0 = Debug|Any CPU
		{ABCB7262-C687-4827-A1FA-977779F40683}.Debug|x64.ActiveCfg = Debug|Any CPU
		{ABCB7262-C687-4827-A1FA-977779F40683}.Debug|x64.Build.0 = Debug|Any CPU
		{ABCB7262-C687-4827-A1FA-977779F40683}.Debug|x86.ActiveCfg = Debug|Any CPU
		{ABCB7262-C687-4827-A1FA-977779F40683}.Debug|x86.Build.0 = Debug|Any CPU
		{ABCB7262-C687-4827-A1FA-977779F40683}.Release|Any CPU.ActiveCfg = Release|Any CPU
		{ABCB7262-C687-4827-A1FA-977779F40683}.Release|Any CPU.Build.0 = Release|Any CPU
		{ABCB7262-C687-4827-A1FA-977779F40683}.Release|ARM.ActiveCfg = Release|Any CPU
		{ABCB7262-C687-4827-A1FA-977779F40683}.Release|ARM.Build.0 = Release|Any CPU
		{ABCB7262-C687-4827-A1FA-977779F40683}.Release|ARM64.ActiveCfg = Release|Any CPU
		{ABCB7262-C687-4827-A1FA-977779F40683}.Release|ARM64.Build.0 = Release|Any CPU
		{ABCB7262-C687-4827-A1FA-977779F40683}.Release|Mixed Platforms.ActiveCfg = Release|Any CPU
		{ABCB7262-C687-4827-A1FA-977779F40683}.Release|Mixed Platforms.Build.0 = Release|Any CPU
		{ABCB7262-C687-4827-A1FA-977779F40683}.Release|x64.ActiveCfg = Release|Any CPU
		{ABCB7262-C687-4827-A1FA-977779F40683}.Release|x64.Build.0 = Release|Any CPU
		{ABCB7262-C687-4827-A1FA-977779F40683}.Release|x86.ActiveCfg = Release|Any CPU
		{ABCB7262-C687-4827-A1FA-977779F40683}.Release|x86.Build.0 = Release|Any CPU
		{EE0BF1AF-E5DB-4B4E-B7B8-CF1761BA79C8}.Debug|Any CPU.ActiveCfg = Debug|Any CPU
		{EE0BF1AF-E5DB-4B4E-B7B8-CF1761BA79C8}.Debug|Any CPU.Build.0 = Debug|Any CPU
		{EE0BF1AF-E5DB-4B4E-B7B8-CF1761BA79C8}.Debug|ARM.ActiveCfg = Debug|Any CPU
		{EE0BF1AF-E5DB-4B4E-B7B8-CF1761BA79C8}.Debug|ARM.Build.0 = Debug|Any CPU
		{EE0BF1AF-E5DB-4B4E-B7B8-CF1761BA79C8}.Debug|ARM64.ActiveCfg = Debug|Any CPU
		{EE0BF1AF-E5DB-4B4E-B7B8-CF1761BA79C8}.Debug|ARM64.Build.0 = Debug|Any CPU
		{EE0BF1AF-E5DB-4B4E-B7B8-CF1761BA79C8}.Debug|Mixed Platforms.ActiveCfg = Debug|Any CPU
		{EE0BF1AF-E5DB-4B4E-B7B8-CF1761BA79C8}.Debug|Mixed Platforms.Build.0 = Debug|Any CPU
		{EE0BF1AF-E5DB-4B4E-B7B8-CF1761BA79C8}.Debug|x64.ActiveCfg = Debug|Any CPU
		{EE0BF1AF-E5DB-4B4E-B7B8-CF1761BA79C8}.Debug|x64.Build.0 = Debug|Any CPU
		{EE0BF1AF-E5DB-4B4E-B7B8-CF1761BA79C8}.Debug|x86.ActiveCfg = Debug|Any CPU
		{EE0BF1AF-E5DB-4B4E-B7B8-CF1761BA79C8}.Debug|x86.Build.0 = Debug|Any CPU
		{EE0BF1AF-E5DB-4B4E-B7B8-CF1761BA79C8}.Release|Any CPU.ActiveCfg = Release|Any CPU
		{EE0BF1AF-E5DB-4B4E-B7B8-CF1761BA79C8}.Release|Any CPU.Build.0 = Release|Any CPU
		{EE0BF1AF-E5DB-4B4E-B7B8-CF1761BA79C8}.Release|ARM.ActiveCfg = Release|Any CPU
		{EE0BF1AF-E5DB-4B4E-B7B8-CF1761BA79C8}.Release|ARM.Build.0 = Release|Any CPU
		{EE0BF1AF-E5DB-4B4E-B7B8-CF1761BA79C8}.Release|ARM64.ActiveCfg = Release|Any CPU
		{EE0BF1AF-E5DB-4B4E-B7B8-CF1761BA79C8}.Release|ARM64.Build.0 = Release|Any CPU
		{EE0BF1AF-E5DB-4B4E-B7B8-CF1761BA79C8}.Release|Mixed Platforms.ActiveCfg = Release|Any CPU
		{EE0BF1AF-E5DB-4B4E-B7B8-CF1761BA79C8}.Release|Mixed Platforms.Build.0 = Release|Any CPU
		{EE0BF1AF-E5DB-4B4E-B7B8-CF1761BA79C8}.Release|x64.ActiveCfg = Release|Any CPU
		{EE0BF1AF-E5DB-4B4E-B7B8-CF1761BA79C8}.Release|x64.Build.0 = Release|Any CPU
		{EE0BF1AF-E5DB-4B4E-B7B8-CF1761BA79C8}.Release|x86.ActiveCfg = Release|Any CPU
		{EE0BF1AF-E5DB-4B4E-B7B8-CF1761BA79C8}.Release|x86.Build.0 = Release|Any CPU
		{1D08A382-9CF8-4D43-A209-4C4FC22D5826}.Debug|Any CPU.ActiveCfg = Debug|Any CPU
		{1D08A382-9CF8-4D43-A209-4C4FC22D5826}.Debug|Any CPU.Build.0 = Debug|Any CPU
		{1D08A382-9CF8-4D43-A209-4C4FC22D5826}.Debug|ARM.ActiveCfg = Debug|Any CPU
		{1D08A382-9CF8-4D43-A209-4C4FC22D5826}.Debug|ARM.Build.0 = Debug|Any CPU
		{1D08A382-9CF8-4D43-A209-4C4FC22D5826}.Debug|ARM64.ActiveCfg = Debug|Any CPU
		{1D08A382-9CF8-4D43-A209-4C4FC22D5826}.Debug|ARM64.Build.0 = Debug|Any CPU
		{1D08A382-9CF8-4D43-A209-4C4FC22D5826}.Debug|Mixed Platforms.ActiveCfg = Debug|Any CPU
		{1D08A382-9CF8-4D43-A209-4C4FC22D5826}.Debug|Mixed Platforms.Build.0 = Debug|Any CPU
		{1D08A382-9CF8-4D43-A209-4C4FC22D5826}.Debug|x64.ActiveCfg = Debug|Any CPU
		{1D08A382-9CF8-4D43-A209-4C4FC22D5826}.Debug|x64.Build.0 = Debug|Any CPU
		{1D08A382-9CF8-4D43-A209-4C4FC22D5826}.Debug|x86.ActiveCfg = Debug|Any CPU
		{1D08A382-9CF8-4D43-A209-4C4FC22D5826}.Debug|x86.Build.0 = Debug|Any CPU
		{1D08A382-9CF8-4D43-A209-4C4FC22D5826}.Release|Any CPU.ActiveCfg = Release|Any CPU
		{1D08A382-9CF8-4D43-A209-4C4FC22D5826}.Release|Any CPU.Build.0 = Release|Any CPU
		{1D08A382-9CF8-4D43-A209-4C4FC22D5826}.Release|ARM.ActiveCfg = Release|Any CPU
		{1D08A382-9CF8-4D43-A209-4C4FC22D5826}.Release|ARM.Build.0 = Release|Any CPU
		{1D08A382-9CF8-4D43-A209-4C4FC22D5826}.Release|ARM64.ActiveCfg = Release|Any CPU
		{1D08A382-9CF8-4D43-A209-4C4FC22D5826}.Release|ARM64.Build.0 = Release|Any CPU
		{1D08A382-9CF8-4D43-A209-4C4FC22D5826}.Release|Mixed Platforms.ActiveCfg = Release|Any CPU
		{1D08A382-9CF8-4D43-A209-4C4FC22D5826}.Release|Mixed Platforms.Build.0 = Release|Any CPU
		{1D08A382-9CF8-4D43-A209-4C4FC22D5826}.Release|x64.ActiveCfg = Release|Any CPU
		{1D08A382-9CF8-4D43-A209-4C4FC22D5826}.Release|x64.Build.0 = Release|Any CPU
		{1D08A382-9CF8-4D43-A209-4C4FC22D5826}.Release|x86.ActiveCfg = Release|Any CPU
		{1D08A382-9CF8-4D43-A209-4C4FC22D5826}.Release|x86.Build.0 = Release|Any CPU
		{46215950-534F-483F-BCE7-D5E68B4F1B00}.Debug|Any CPU.ActiveCfg = Debug|Any CPU
		{46215950-534F-483F-BCE7-D5E68B4F1B00}.Debug|Any CPU.Build.0 = Debug|Any CPU
		{46215950-534F-483F-BCE7-D5E68B4F1B00}.Debug|ARM.ActiveCfg = Debug|Any CPU
		{46215950-534F-483F-BCE7-D5E68B4F1B00}.Debug|ARM.Build.0 = Debug|Any CPU
		{46215950-534F-483F-BCE7-D5E68B4F1B00}.Debug|ARM64.ActiveCfg = Debug|Any CPU
		{46215950-534F-483F-BCE7-D5E68B4F1B00}.Debug|ARM64.Build.0 = Debug|Any CPU
		{46215950-534F-483F-BCE7-D5E68B4F1B00}.Debug|Mixed Platforms.ActiveCfg = Debug|Any CPU
		{46215950-534F-483F-BCE7-D5E68B4F1B00}.Debug|Mixed Platforms.Build.0 = Debug|Any CPU
		{46215950-534F-483F-BCE7-D5E68B4F1B00}.Debug|x64.ActiveCfg = Debug|Any CPU
		{46215950-534F-483F-BCE7-D5E68B4F1B00}.Debug|x64.Build.0 = Debug|Any CPU
		{46215950-534F-483F-BCE7-D5E68B4F1B00}.Debug|x86.ActiveCfg = Debug|Any CPU
		{46215950-534F-483F-BCE7-D5E68B4F1B00}.Debug|x86.Build.0 = Debug|Any CPU
		{46215950-534F-483F-BCE7-D5E68B4F1B00}.Release|Any CPU.ActiveCfg = Release|Any CPU
		{46215950-534F-483F-BCE7-D5E68B4F1B00}.Release|Any CPU.Build.0 = Release|Any CPU
		{46215950-534F-483F-BCE7-D5E68B4F1B00}.Release|ARM.ActiveCfg = Release|Any CPU
		{46215950-534F-483F-BCE7-D5E68B4F1B00}.Release|ARM.Build.0 = Release|Any CPU
		{46215950-534F-483F-BCE7-D5E68B4F1B00}.Release|ARM64.ActiveCfg = Release|Any CPU
		{46215950-534F-483F-BCE7-D5E68B4F1B00}.Release|ARM64.Build.0 = Release|Any CPU
		{46215950-534F-483F-BCE7-D5E68B4F1B00}.Release|Mixed Platforms.ActiveCfg = Release|Any CPU
		{46215950-534F-483F-BCE7-D5E68B4F1B00}.Release|Mixed Platforms.Build.0 = Release|Any CPU
		{46215950-534F-483F-BCE7-D5E68B4F1B00}.Release|x64.ActiveCfg = Release|Any CPU
		{46215950-534F-483F-BCE7-D5E68B4F1B00}.Release|x64.Build.0 = Release|Any CPU
		{46215950-534F-483F-BCE7-D5E68B4F1B00}.Release|x86.ActiveCfg = Release|Any CPU
		{46215950-534F-483F-BCE7-D5E68B4F1B00}.Release|x86.Build.0 = Release|Any CPU
		{484AD965-42E0-48CB-B304-FEDF8C141530}.Debug|Any CPU.ActiveCfg = Debug|Any CPU
		{484AD965-42E0-48CB-B304-FEDF8C141530}.Debug|Any CPU.Build.0 = Debug|Any CPU
		{484AD965-42E0-48CB-B304-FEDF8C141530}.Debug|ARM.ActiveCfg = Debug|Any CPU
		{484AD965-42E0-48CB-B304-FEDF8C141530}.Debug|ARM.Build.0 = Debug|Any CPU
		{484AD965-42E0-48CB-B304-FEDF8C141530}.Debug|ARM64.ActiveCfg = Debug|Any CPU
		{484AD965-42E0-48CB-B304-FEDF8C141530}.Debug|ARM64.Build.0 = Debug|Any CPU
		{484AD965-42E0-48CB-B304-FEDF8C141530}.Debug|Mixed Platforms.ActiveCfg = Debug|Any CPU
		{484AD965-42E0-48CB-B304-FEDF8C141530}.Debug|Mixed Platforms.Build.0 = Debug|Any CPU
		{484AD965-42E0-48CB-B304-FEDF8C141530}.Debug|x64.ActiveCfg = Debug|Any CPU
		{484AD965-42E0-48CB-B304-FEDF8C141530}.Debug|x64.Build.0 = Debug|Any CPU
		{484AD965-42E0-48CB-B304-FEDF8C141530}.Debug|x86.ActiveCfg = Debug|Any CPU
		{484AD965-42E0-48CB-B304-FEDF8C141530}.Debug|x86.Build.0 = Debug|Any CPU
		{484AD965-42E0-48CB-B304-FEDF8C141530}.Release|Any CPU.ActiveCfg = Release|Any CPU
		{484AD965-42E0-48CB-B304-FEDF8C141530}.Release|Any CPU.Build.0 = Release|Any CPU
		{484AD965-42E0-48CB-B304-FEDF8C141530}.Release|ARM.ActiveCfg = Release|Any CPU
		{484AD965-42E0-48CB-B304-FEDF8C141530}.Release|ARM.Build.0 = Release|Any CPU
		{484AD965-42E0-48CB-B304-FEDF8C141530}.Release|ARM64.ActiveCfg = Release|Any CPU
		{484AD965-42E0-48CB-B304-FEDF8C141530}.Release|ARM64.Build.0 = Release|Any CPU
		{484AD965-42E0-48CB-B304-FEDF8C141530}.Release|Mixed Platforms.ActiveCfg = Release|Any CPU
		{484AD965-42E0-48CB-B304-FEDF8C141530}.Release|Mixed Platforms.Build.0 = Release|Any CPU
		{484AD965-42E0-48CB-B304-FEDF8C141530}.Release|x64.ActiveCfg = Release|Any CPU
		{484AD965-42E0-48CB-B304-FEDF8C141530}.Release|x64.Build.0 = Release|Any CPU
		{484AD965-42E0-48CB-B304-FEDF8C141530}.Release|x86.ActiveCfg = Release|Any CPU
		{484AD965-42E0-48CB-B304-FEDF8C141530}.Release|x86.Build.0 = Release|Any CPU
		{18B6FD66-4FF3-4F4D-8BB0-E9215C5AC6FC}.Debug|Any CPU.ActiveCfg = Debug|Any CPU
		{18B6FD66-4FF3-4F4D-8BB0-E9215C5AC6FC}.Debug|ARM.ActiveCfg = Debug|Any CPU
		{18B6FD66-4FF3-4F4D-8BB0-E9215C5AC6FC}.Debug|ARM64.ActiveCfg = Debug|Any CPU
		{18B6FD66-4FF3-4F4D-8BB0-E9215C5AC6FC}.Debug|Mixed Platforms.ActiveCfg = Debug|Any CPU
		{18B6FD66-4FF3-4F4D-8BB0-E9215C5AC6FC}.Debug|x64.ActiveCfg = Debug|Any CPU
		{18B6FD66-4FF3-4F4D-8BB0-E9215C5AC6FC}.Debug|x86.ActiveCfg = Debug|Any CPU
		{18B6FD66-4FF3-4F4D-8BB0-E9215C5AC6FC}.Release|Any CPU.ActiveCfg = Release|Any CPU
		{18B6FD66-4FF3-4F4D-8BB0-E9215C5AC6FC}.Release|ARM.ActiveCfg = Release|Any CPU
		{18B6FD66-4FF3-4F4D-8BB0-E9215C5AC6FC}.Release|ARM64.ActiveCfg = Release|Any CPU
		{18B6FD66-4FF3-4F4D-8BB0-E9215C5AC6FC}.Release|Mixed Platforms.ActiveCfg = Release|Any CPU
		{18B6FD66-4FF3-4F4D-8BB0-E9215C5AC6FC}.Release|x64.ActiveCfg = Release|Any CPU
		{18B6FD66-4FF3-4F4D-8BB0-E9215C5AC6FC}.Release|x86.ActiveCfg = Release|Any CPU
	EndGlobalSection
	GlobalSection(SolutionProperties) = preSolution
		HideSolutionNode = FALSE
	EndGlobalSection
	GlobalSection(ExtensibilityGlobals) = postSolution
		SolutionGuid = {E3F2C435-6AB5-42E9-AD77-71730DB9E414}
	EndGlobalSection
EndGlobal
